
Microsoft Visual Studio Solution File, Format Version 12.00
# Visual Studio Version 16
VisualStudioVersion = 16.0.30804.86
MinimumVisualStudioVersion = 10.0.40219.1
Project("{9A19103F-16F7-4668-BE54-9A1E7A4F7556}") = "AGC CHURCH", "AGC CHURCH.csproj", "{EBB14314-35A9-447C-B7A1-15777B584DAC}"
EndProject
Global
	GlobalSection(SolutionConfigurationPlatforms) = preSolution
		Debug|Any CPU = Debug|Any CPU
		Release|Any CPU = Release|Any CPU
	EndGlobalSection
	GlobalSection(ProjectConfigurationPlatforms) = postSolution
		{EBB14314-35A9-447C-B7A1-15777B584DAC}.Debug|Any CPU.ActiveCfg = Debug|Any CPU
		{EBB14314-35A9-447C-B7A1-15777B584DAC}.Debug|Any CPU.Build.0 = Debug|Any CPU
		{EBB14314-35A9-447C-B7A1-15777B584DAC}.Release|Any CPU.ActiveCfg = Release|Any CPU
		{EBB14314-35A9-447C-B7A1-15777B584DAC}.Release|Any CPU.Build.0 = Release|Any CPU
	EndGlobalSection
	GlobalSection(SolutionProperties) = preSolution
		HideSolutionNode = FALSE
	EndGlobalSection
	GlobalSection(ExtensibilityGlobals) = postSolution
		SolutionGuid = {54F9660D-58AC-4746-9E0C-7F3D8D0818D0}
	EndGlobalSection
EndGlobal
